
Microsoft Visual Studio Solution File, Format Version 12.00
# Visual Studio Version 17
VisualStudioVersion = 17.13.36105.23 d17.13
MinimumVisualStudioVersion = 10.0.40219.1
Project("{FAE04EC0-301F-11D3-BF4B-00C04F79EFBC}") = "CadastroCliente", "CadastroCliente\CadastroCliente.csproj", "{F2FCB0A3-6C1B-43A2-87BE-8940A37020FE}"
EndProject
Global
	GlobalSection(SolutionConfigurationPlatforms) = preSolution
		Debug|Any CPU = Debug|Any CPU
		Release|Any CPU = Release|Any CPU
	EndGlobalSection
	GlobalSection(ProjectConfigurationPlatforms) = postSolution
		{F2FCB0A3-6C1B-43A2-87BE-8940A37020FE}.Debug|Any CPU.ActiveCfg = Debug|Any CPU
		{F2FCB0A3-6C1B-43A2-87BE-8940A37020FE}.Debug|Any CPU.Build.0 = Debug|Any CPU
		{F2FCB0A3-6C1B-43A2-87BE-8940A37020FE}.Release|Any CPU.ActiveCfg = Release|Any CPU
		{F2FCB0A3-6C1B-43A2-87BE-8940A37020FE}.Release|Any CPU.Build.0 = Release|Any CPU
	EndGlobalSection
	GlobalSection(SolutionProperties) = preSolution
		HideSolutionNode = FALSE
	EndGlobalSection
	GlobalSection(ExtensibilityGlobals) = postSolution
		SolutionGuid = {1571EB62-EB57-498C-87C1-E88CEB3099E0}
	EndGlobalSection
EndGlobal
